// !$*UTF8*$!
{
	archiveVersion = 1;
	classes = {
	};
	objectVersion = 56;
	objects = {

/* Begin PBXBuildFile section */
		5597F78C2B1FAD7C00F688EC /* RickAndMortyTableViewCell.swift in Sources */ = {isa = PBXBuildFile; fileRef = 5597F78B2B1FAD7C00F688EC /* RickAndMortyTableViewCell.swift */; };
		55A2EBDA2B1AC1180044AC6D /* AppDelegate.swift in Sources */ = {isa = PBXBuildFile; fileRef = 55A2EBD92B1AC1180044AC6D /* AppDelegate.swift */; };
		55A2EBDC2B1AC1180044AC6D /* SceneDelegate.swift in Sources */ = {isa = PBXBuildFile; fileRef = 55A2EBDB2B1AC1180044AC6D /* SceneDelegate.swift */; };
		55A2EBDE2B1AC1180044AC6D /* ViewController.swift in Sources */ = {isa = PBXBuildFile; fileRef = 55A2EBDD2B1AC1180044AC6D /* ViewController.swift */; };
		55A2EBE12B1AC1180044AC6D /* Main.storyboard in Resources */ = {isa = PBXBuildFile; fileRef = 55A2EBDF2B1AC1180044AC6D /* Main.storyboard */; };
		55A2EBE32B1AC11A0044AC6D /* Assets.xcassets in Resources */ = {isa = PBXBuildFile; fileRef = 55A2EBE22B1AC11A0044AC6D /* Assets.xcassets */; };
		55A2EBE62B1AC11A0044AC6D /* LaunchScreen.storyboard in Resources */ = {isa = PBXBuildFile; fileRef = 55A2EBE42B1AC11A0044AC6D /* LaunchScreen.storyboard */; };
		55A2EBF12B1AC11A0044AC6D /* RickAndMortyTests.swift in Sources */ = {isa = PBXBuildFile; fileRef = 55A2EBF02B1AC11A0044AC6D /* RickAndMortyTests.swift */; };
		55A2EBFB2B1AC11A0044AC6D /* RickAndMortyUITests.swift in Sources */ = {isa = PBXBuildFile; fileRef = 55A2EBFA2B1AC11A0044AC6D /* RickAndMortyUITests.swift */; };
		55A2EBFD2B1AC11A0044AC6D /* RickAndMortyUITestsLaunchTests.swift in Sources */ = {isa = PBXBuildFile; fileRef = 55A2EBFC2B1AC11A0044AC6D /* RickAndMortyUITestsLaunchTests.swift */; };
		55A2EC0A2B1AC7DC0044AC6D /* ViewModel.swift in Sources */ = {isa = PBXBuildFile; fileRef = 55A2EC092B1AC7DC0044AC6D /* ViewModel.swift */; };
		55A2EC0D2B1ACBC50044AC6D /* StatusCode.swift in Sources */ = {isa = PBXBuildFile; fileRef = 55A2EC0C2B1ACBC50044AC6D /* StatusCode.swift */; };
		55AB58D72B1FA438006DF0EE /* RickAndMortyTableViewCell.xib in Resources */ = {isa = PBXBuildFile; fileRef = 55AB58D52B1FA438006DF0EE /* RickAndMortyTableViewCell.xib */; };
		55AD20532B1B8A1100C916CF /* Client.swift in Sources */ = {isa = PBXBuildFile; fileRef = 55AD20522B1B8A1100C916CF /* Client.swift */; };
		55AD20552B1B99A000C916CF /* RESTClient.swift in Sources */ = {isa = PBXBuildFile; fileRef = 55AD20542B1B99A000C916CF /* RESTClient.swift */; };
		55AD20572B1BACBB00C916CF /* Character.swift in Sources */ = {isa = PBXBuildFile; fileRef = 55AD20562B1BACBB00C916CF /* Character.swift */; };
		55AD20592B1BAD6D00C916CF /* PaginatedResponse.swift in Sources */ = {isa = PBXBuildFile; fileRef = 55AD20582B1BAD6D00C916CF /* PaginatedResponse.swift */; };
/* End PBXBuildFile section */

/* Begin PBXContainerItemProxy section */
		55A2EBED2B1AC11A0044AC6D /* PBXContainerItemProxy */ = {
			isa = PBXContainerItemProxy;
			containerPortal = 55A2EBCE2B1AC1180044AC6D /* Project object */;
			proxyType = 1;
			remoteGlobalIDString = 55A2EBD52B1AC1180044AC6D;
			remoteInfo = RickAndMorty;
		};
		55A2EBF72B1AC11A0044AC6D /* PBXContainerItemProxy */ = {
			isa = PBXContainerItemProxy;
			containerPortal = 55A2EBCE2B1AC1180044AC6D /* Project object */;
			proxyType = 1;
			remoteGlobalIDString = 55A2EBD52B1AC1180044AC6D;
			remoteInfo = RickAndMorty;
		};
/* End PBXContainerItemProxy section */

/* Begin PBXFileReference section */
		5597F78B2B1FAD7C00F688EC /* RickAndMortyTableViewCell.swift */ = {isa = PBXFileReference; lastKnownFileType = sourcecode.swift; path = RickAndMortyTableViewCell.swift; sourceTree = "<group>"; };
		55A2EBD62B1AC1180044AC6D /* RickAndMorty.app */ = {isa = PBXFileReference; explicitFileType = wrapper.application; includeInIndex = 0; path = RickAndMorty.app; sourceTree = BUILT_PRODUCTS_DIR; };
		55A2EBD92B1AC1180044AC6D /* AppDelegate.swift */ = {isa = PBXFileReference; lastKnownFileType = sourcecode.swift; path = AppDelegate.swift; sourceTree = "<group>"; };
		55A2EBDB2B1AC1180044AC6D /* SceneDelegate.swift */ = {isa = PBXFileReference; lastKnownFileType = sourcecode.swift; path = SceneDelegate.swift; sourceTree = "<group>"; };
		55A2EBDD2B1AC1180044AC6D /* ViewController.swift */ = {isa = PBXFileReference; lastKnownFileType = sourcecode.swift; path = ViewController.swift; sourceTree = "<group>"; };
		55A2EBE02B1AC1180044AC6D /* Base */ = {isa = PBXFileReference; lastKnownFileType = file.storyboard; name = Base; path = Base.lproj/Main.storyboard; sourceTree = "<group>"; };
		55A2EBE22B1AC11A0044AC6D /* Assets.xcassets */ = {isa = PBXFileReference; lastKnownFileType = folder.assetcatalog; path = Assets.xcassets; sourceTree = "<group>"; };
		55A2EBE52B1AC11A0044AC6D /* Base */ = {isa = PBXFileReference; lastKnownFileType = file.storyboard; name = Base; path = Base.lproj/LaunchScreen.storyboard; sourceTree = "<group>"; };
		55A2EBE72B1AC11A0044AC6D /* Info.plist */ = {isa = PBXFileReference; lastKnownFileType = text.plist.xml; path = Info.plist; sourceTree = "<group>"; };
		55A2EBEC2B1AC11A0044AC6D /* RickAndMortyTests.xctest */ = {isa = PBXFileReference; explicitFileType = wrapper.cfbundle; includeInIndex = 0; path = RickAndMortyTests.xctest; sourceTree = BUILT_PRODUCTS_DIR; };
		55A2EBF02B1AC11A0044AC6D /* RickAndMortyTests.swift */ = {isa = PBXFileReference; lastKnownFileType = sourcecode.swift; path = RickAndMortyTests.swift; sourceTree = "<group>"; };
		55A2EBF62B1AC11A0044AC6D /* RickAndMortyUITests.xctest */ = {isa = PBXFileReference; explicitFileType = wrapper.cfbundle; includeInIndex = 0; path = RickAndMortyUITests.xctest; sourceTree = BUILT_PRODUCTS_DIR; };
		55A2EBFA2B1AC11A0044AC6D /* RickAndMortyUITests.swift */ = {isa = PBXFileReference; lastKnownFileType = sourcecode.swift; path = RickAndMortyUITests.swift; sourceTree = "<group>"; };
		55A2EBFC2B1AC11A0044AC6D /* RickAndMortyUITestsLaunchTests.swift */ = {isa = PBXFileReference; lastKnownFileType = sourcecode.swift; path = RickAndMortyUITestsLaunchTests.swift; sourceTree = "<group>"; };
		55A2EC092B1AC7DC0044AC6D /* ViewModel.swift */ = {isa = PBXFileReference; lastKnownFileType = sourcecode.swift; path = ViewModel.swift; sourceTree = "<group>"; };
		55A2EC0C2B1ACBC50044AC6D /* StatusCode.swift */ = {isa = PBXFileReference; lastKnownFileType = sourcecode.swift; path = StatusCode.swift; sourceTree = "<group>"; };
		55AB58D52B1FA438006DF0EE /* RickAndMortyTableViewCell.xib */ = {isa = PBXFileReference; lastKnownFileType = file.xib; path = RickAndMortyTableViewCell.xib; sourceTree = "<group>"; };
		55AD20522B1B8A1100C916CF /* Client.swift */ = {isa = PBXFileReference; lastKnownFileType = sourcecode.swift; path = Client.swift; sourceTree = "<group>"; };
		55AD20542B1B99A000C916CF /* RESTClient.swift */ = {isa = PBXFileReference; lastKnownFileType = sourcecode.swift; path = RESTClient.swift; sourceTree = "<group>"; };
		55AD20562B1BACBB00C916CF /* Character.swift */ = {isa = PBXFileReference; lastKnownFileType = sourcecode.swift; path = Character.swift; sourceTree = "<group>"; };
		55AD20582B1BAD6D00C916CF /* PaginatedResponse.swift */ = {isa = PBXFileReference; lastKnownFileType = sourcecode.swift; path = PaginatedResponse.swift; sourceTree = "<group>"; };
/* End PBXFileReference section */

/* Begin PBXFrameworksBuildPhase section */
		55A2EBD32B1AC1180044AC6D /* Frameworks */ = {
			isa = PBXFrameworksBuildPhase;
			buildActionMask = 2147483647;
			files = (
			);
			runOnlyForDeploymentPostprocessing = 0;
		};
		55A2EBE92B1AC11A0044AC6D /* Frameworks */ = {
			isa = PBXFrameworksBuildPhase;
			buildActionMask = 2147483647;
			files = (
			);
			runOnlyForDeploymentPostprocessing = 0;
		};
		55A2EBF32B1AC11A0044AC6D /* Frameworks */ = {
			isa = PBXFrameworksBuildPhase;
			buildActionMask = 2147483647;
			files = (
			);
			runOnlyForDeploymentPostprocessing = 0;
		};
/* End PBXFrameworksBuildPhase section */

/* Begin PBXGroup section */
		55A2EBCD2B1AC1180044AC6D = {
			isa = PBXGroup;
			children = (
				55A2EBD82B1AC1180044AC6D /* RickAndMorty */,
				55A2EBEF2B1AC11A0044AC6D /* RickAndMortyTests */,
				55A2EBF92B1AC11A0044AC6D /* RickAndMortyUITests */,
				55A2EBD72B1AC1180044AC6D /* Products */,
			);
			sourceTree = "<group>";
		};
		55A2EBD72B1AC1180044AC6D /* Products */ = {
			isa = PBXGroup;
			children = (
				55A2EBD62B1AC1180044AC6D /* RickAndMorty.app */,
				55A2EBEC2B1AC11A0044AC6D /* RickAndMortyTests.xctest */,
				55A2EBF62B1AC11A0044AC6D /* RickAndMortyUITests.xctest */,
			);
			name = Products;
			sourceTree = "<group>";
		};
		55A2EBD82B1AC1180044AC6D /* RickAndMorty */ = {
			isa = PBXGroup;
			children = (
				55A2EC0B2B1ACBB70044AC6D /* Network */,
				55A2EBD92B1AC1180044AC6D /* AppDelegate.swift */,
				55A2EBDB2B1AC1180044AC6D /* SceneDelegate.swift */,
				55A2EBDD2B1AC1180044AC6D /* ViewController.swift */,
				55A2EBDF2B1AC1180044AC6D /* Main.storyboard */,
				55A2EBE22B1AC11A0044AC6D /* Assets.xcassets */,
				55A2EBE42B1AC11A0044AC6D /* LaunchScreen.storyboard */,
				55A2EBE72B1AC11A0044AC6D /* Info.plist */,
				55A2EC092B1AC7DC0044AC6D /* ViewModel.swift */,
				55AD20562B1BACBB00C916CF /* Character.swift */,
				55AD20582B1BAD6D00C916CF /* PaginatedResponse.swift */,
				55AB58D92B1FA453006DF0EE /* RickAndMortyCell */,
			);
			path = RickAndMorty;
			sourceTree = "<group>";
		};
		55A2EBEF2B1AC11A0044AC6D /* RickAndMortyTests */ = {
			isa = PBXGroup;
			children = (
				55A2EBF02B1AC11A0044AC6D /* RickAndMortyTests.swift */,
			);
			path = RickAndMortyTests;
			sourceTree = "<group>";
		};
		55A2EBF92B1AC11A0044AC6D /* RickAndMortyUITests */ = {
			isa = PBXGroup;
			children = (
				55A2EBFA2B1AC11A0044AC6D /* RickAndMortyUITests.swift */,
				55A2EBFC2B1AC11A0044AC6D /* RickAndMortyUITestsLaunchTests.swift */,
			);
			path = RickAndMortyUITests;
			sourceTree = "<group>";
		};
		55A2EC0B2B1ACBB70044AC6D /* Network */ = {
			isa = PBXGroup;
			children = (
				55A2EC0C2B1ACBC50044AC6D /* StatusCode.swift */,
				55AD20522B1B8A1100C916CF /* Client.swift */,
				55AD20542B1B99A000C916CF /* RESTClient.swift */,
			);
			path = Network;
			sourceTree = "<group>";
		};
		55AB58D92B1FA453006DF0EE /* RickAndMortyCell */ = {
			isa = PBXGroup;
			children = (
				55AB58D52B1FA438006DF0EE /* RickAndMortyTableViewCell.xib */,
				5597F78B2B1FAD7C00F688EC /* RickAndMortyTableViewCell.swift */,
			);
			path = RickAndMortyCell;
			sourceTree = "<group>";
		};
/* End PBXGroup section */

/* Begin PBXNativeTarget section */
		55A2EBD52B1AC1180044AC6D /* RickAndMorty */ = {
			isa = PBXNativeTarget;
			buildConfigurationList = 55A2EC002B1AC11A0044AC6D /* Build configuration list for PBXNativeTarget "RickAndMorty" */;
			buildPhases = (
				55A2EBD22B1AC1180044AC6D /* Sources */,
				55A2EBD32B1AC1180044AC6D /* Frameworks */,
				55A2EBD42B1AC1180044AC6D /* Resources */,
			);
			buildRules = (
			);
			dependencies = (
			);
			name = RickAndMorty;
			productName = RickAndMorty;
			productReference = 55A2EBD62B1AC1180044AC6D /* RickAndMorty.app */;
			productType = "com.apple.product-type.application";
		};
		55A2EBEB2B1AC11A0044AC6D /* RickAndMortyTests */ = {
			isa = PBXNativeTarget;
			buildConfigurationList = 55A2EC032B1AC11A0044AC6D /* Build configuration list for PBXNativeTarget "RickAndMortyTests" */;
			buildPhases = (
				55A2EBE82B1AC11A0044AC6D /* Sources */,
				55A2EBE92B1AC11A0044AC6D /* Frameworks */,
				55A2EBEA2B1AC11A0044AC6D /* Resources */,
			);
			buildRules = (
			);
			dependencies = (
				55A2EBEE2B1AC11A0044AC6D /* PBXTargetDependency */,
			);
			name = RickAndMortyTests;
			productName = RickAndMortyTests;
			productReference = 55A2EBEC2B1AC11A0044AC6D /* RickAndMortyTests.xctest */;
			productType = "com.apple.product-type.bundle.unit-test";
		};
		55A2EBF52B1AC11A0044AC6D /* RickAndMortyUITests */ = {
			isa = PBXNativeTarget;
			buildConfigurationList = 55A2EC062B1AC11A0044AC6D /* Build configuration list for PBXNativeTarget "RickAndMortyUITests" */;
			buildPhases = (
				55A2EBF22B1AC11A0044AC6D /* Sources */,
				55A2EBF32B1AC11A0044AC6D /* Frameworks */,
				55A2EBF42B1AC11A0044AC6D /* Resources */,
			);
			buildRules = (
			);
			dependencies = (
				55A2EBF82B1AC11A0044AC6D /* PBXTargetDependency */,
			);
			name = RickAndMortyUITests;
			productName = RickAndMortyUITests;
			productReference = 55A2EBF62B1AC11A0044AC6D /* RickAndMortyUITests.xctest */;
			productType = "com.apple.product-type.bundle.ui-testing";
		};
/* End PBXNativeTarget section */

/* Begin PBXProject section */
		55A2EBCE2B1AC1180044AC6D /* Project object */ = {
			isa = PBXProject;
			attributes = {
				BuildIndependentTargetsInParallel = 1;
				LastSwiftUpdateCheck = 1500;
				LastUpgradeCheck = 1500;
				TargetAttributes = {
					55A2EBD52B1AC1180044AC6D = {
						CreatedOnToolsVersion = 15.0;
					};
					55A2EBEB2B1AC11A0044AC6D = {
						CreatedOnToolsVersion = 15.0;
						TestTargetID = 55A2EBD52B1AC1180044AC6D;
					};
					55A2EBF52B1AC11A0044AC6D = {
						CreatedOnToolsVersion = 15.0;
						TestTargetID = 55A2EBD52B1AC1180044AC6D;
					};
				};
			};
			buildConfigurationList = 55A2EBD12B1AC1180044AC6D /* Build configuration list for PBXProject "RickAndMorty" */;
			compatibilityVersion = "Xcode 14.0";
			developmentRegion = en;
			hasScannedForEncodings = 0;
			knownRegions = (
				en,
				Base,
			);
			mainGroup = 55A2EBCD2B1AC1180044AC6D;
			productRefGroup = 55A2EBD72B1AC1180044AC6D /* Products */;
			projectDirPath = "";
			projectRoot = "";
			targets = (
				55A2EBD52B1AC1180044AC6D /* RickAndMorty */,
				55A2EBEB2B1AC11A0044AC6D /* RickAndMortyTests */,
				55A2EBF52B1AC11A0044AC6D /* RickAndMortyUITests */,
			);
		};
/* End PBXProject section */

/* Begin PBXResourcesBuildPhase section */
		55A2EBD42B1AC1180044AC6D /* Resources */ = {
			isa = PBXResourcesBuildPhase;
			buildActionMask = 2147483647;
			files = (
				55AB58D72B1FA438006DF0EE /* RickAndMortyTableViewCell.xib in Resources */,
				55A2EBE62B1AC11A0044AC6D /* LaunchScreen.storyboard in Resources */,
				55A2EBE32B1AC11A0044AC6D /* Assets.xcassets in Resources */,
				55A2EBE12B1AC1180044AC6D /* Main.storyboard in Resources */,
			);
			runOnlyForDeploymentPostprocessing = 0;
		};
		55A2EBEA2B1AC11A0044AC6D /* Resources */ = {
			isa = PBXResourcesBuildPhase;
			buildActionMask = 2147483647;
			files = (
			);
			runOnlyForDeploymentPostprocessing = 0;
		};
		55A2EBF42B1AC11A0044AC6D /* Resources */ = {
			isa = PBXResourcesBuildPhase;
			buildActionMask = 2147483647;
			files = (
			);
			runOnlyForDeploymentPostprocessing = 0;
		};
/* End PBXResourcesBuildPhase section */

/* Begin PBXSourcesBuildPhase section */
		55A2EBD22B1AC1180044AC6D /* Sources */ = {
			isa = PBXSourcesBuildPhase;
			buildActionMask = 2147483647;
			files = (
				55A2EBDE2B1AC1180044AC6D /* ViewController.swift in Sources */,
				55A2EC0D2B1ACBC50044AC6D /* StatusCode.swift in Sources */,
				55AD20592B1BAD6D00C916CF /* PaginatedResponse.swift in Sources */,
				55AD20552B1B99A000C916CF /* RESTClient.swift in Sources */,
				55AD20532B1B8A1100C916CF /* Client.swift in Sources */,
				55A2EBDA2B1AC1180044AC6D /* AppDelegate.swift in Sources */,
				55A2EC0A2B1AC7DC0044AC6D /* ViewModel.swift in Sources */,
				5597F78C2B1FAD7C00F688EC /* RickAndMortyTableViewCell.swift in Sources */,
				55A2EBDC2B1AC1180044AC6D /* SceneDelegate.swift in Sources */,
				55AD20572B1BACBB00C916CF /* Character.swift in Sources */,
			);
			runOnlyForDeploymentPostprocessing = 0;
		};
		55A2EBE82B1AC11A0044AC6D /* Sources */ = {
			isa = PBXSourcesBuildPhase;
			buildActionMask = 2147483647;
			files = (
				55A2EBF12B1AC11A0044AC6D /* RickAndMortyTests.swift in Sources */,
			);
			runOnlyForDeploymentPostprocessing = 0;
		};
		55A2EBF22B1AC11A0044AC6D /* Sources */ = {
			isa = PBXSourcesBuildPhase;
			buildActionMask = 2147483647;
			files = (
				55A2EBFB2B1AC11A0044AC6D /* RickAndMortyUITests.swift in Sources */,
				55A2EBFD2B1AC11A0044AC6D /* RickAndMortyUITestsLaunchTests.swift in Sources */,
			);
			runOnlyForDeploymentPostprocessing = 0;
		};
/* End PBXSourcesBuildPhase section */

/* Begin PBXTargetDependency section */
		55A2EBEE2B1AC11A0044AC6D /* PBXTargetDependency */ = {
			isa = PBXTargetDependency;
			target = 55A2EBD52B1AC1180044AC6D /* RickAndMorty */;
			targetProxy = 55A2EBED2B1AC11A0044AC6D /* PBXContainerItemProxy */;
		};
		55A2EBF82B1AC11A0044AC6D /* PBXTargetDependency */ = {
			isa = PBXTargetDependency;
			target = 55A2EBD52B1AC1180044AC6D /* RickAndMorty */;
			targetProxy = 55A2EBF72B1AC11A0044AC6D /* PBXContainerItemProxy */;
		};
/* End PBXTargetDependency section */

/* Begin PBXVariantGroup section */
		55A2EBDF2B1AC1180044AC6D /* Main.storyboard */ = {
			isa = PBXVariantGroup;
			children = (
				55A2EBE02B1AC1180044AC6D /* Base */,
			);
			name = Main.storyboard;
			sourceTree = "<group>";
		};
		55A2EBE42B1AC11A0044AC6D /* LaunchScreen.storyboard */ = {
			isa = PBXVariantGroup;
			children = (
				55A2EBE52B1AC11A0044AC6D /* Base */,
			);
			name = LaunchScreen.storyboard;
			sourceTree = "<group>";
		};
/* End PBXVariantGroup section */

/* Begin XCBuildConfiguration section */
		55A2EBFE2B1AC11A0044AC6D /* Debug */ = {
			isa = XCBuildConfiguration;
			buildSettings = {
				ALWAYS_SEARCH_USER_PATHS = NO;
				ASSETCATALOG_COMPILER_GENERATE_SWIFT_ASSET_SYMBOL_EXTENSIONS = YES;
				CLANG_ANALYZER_NONNULL = YES;
				CLANG_ANALYZER_NUMBER_OBJECT_CONVERSION = YES_AGGRESSIVE;
				CLANG_CXX_LANGUAGE_STANDARD = "gnu++20";
				CLANG_ENABLE_MODULES = YES;
				CLANG_ENABLE_OBJC_ARC = YES;
				CLANG_ENABLE_OBJC_WEAK = YES;
				CLANG_WARN_BLOCK_CAPTURE_AUTORELEASING = YES;
				CLANG_WARN_BOOL_CONVERSION = YES;
				CLANG_WARN_COMMA = YES;
				CLANG_WARN_CONSTANT_CONVERSION = YES;
				CLANG_WARN_DEPRECATED_OBJC_IMPLEMENTATIONS = YES;
				CLANG_WARN_DIRECT_OBJC_ISA_USAGE = YES_ERROR;
				CLANG_WARN_DOCUMENTATION_COMMENTS = YES;
				CLANG_WARN_EMPTY_BODY = YES;
				CLANG_WARN_ENUM_CONVERSION = YES;
				CLANG_WARN_INFINITE_RECURSION = YES;
				CLANG_WARN_INT_CONVERSION = YES;
				CLANG_WARN_NON_LITERAL_NULL_CONVERSION = YES;
				CLANG_WARN_OBJC_IMPLICIT_RETAIN_SELF = YES;
				CLANG_WARN_OBJC_LITERAL_CONVERSION = YES;
				CLANG_WARN_OBJC_ROOT_CLASS = YES_ERROR;
				CLANG_WARN_QUOTED_INCLUDE_IN_FRAMEWORK_HEADER = YES;
				CLANG_WARN_RANGE_LOOP_ANALYSIS = YES;
				CLANG_WARN_STRICT_PROTOTYPES = YES;
				CLANG_WARN_SUSPICIOUS_MOVE = YES;
				CLANG_WARN_UNGUARDED_AVAILABILITY = YES_AGGRESSIVE;
				CLANG_WARN_UNREACHABLE_CODE = YES;
				CLANG_WARN__DUPLICATE_METHOD_MATCH = YES;
				COPY_PHASE_STRIP = NO;
				DEBUG_INFORMATION_FORMAT = dwarf;
				ENABLE_STRICT_OBJC_MSGSEND = YES;
				ENABLE_TESTABILITY = YES;
				ENABLE_USER_SCRIPT_SANDBOXING = YES;
				GCC_C_LANGUAGE_STANDARD = gnu17;
				GCC_DYNAMIC_NO_PIC = NO;
				GCC_NO_COMMON_BLOCKS = YES;
				GCC_OPTIMIZATION_LEVEL = 0;
				GCC_PREPROCESSOR_DEFINITIONS = (
					"DEBUG=1",
					"$(inherited)",
				);
				GCC_WARN_64_TO_32_BIT_CONVERSION = YES;
				GCC_WARN_ABOUT_RETURN_TYPE = YES_ERROR;
				GCC_WARN_UNDECLARED_SELECTOR = YES;
				GCC_WARN_UNINITIALIZED_AUTOS = YES_AGGRESSIVE;
				GCC_WARN_UNUSED_FUNCTION = YES;
				GCC_WARN_UNUSED_VARIABLE = YES;
				IPHONEOS_DEPLOYMENT_TARGET = 17.0;
				LOCALIZATION_PREFERS_STRING_CATALOGS = YES;
				MTL_ENABLE_DEBUG_INFO = INCLUDE_SOURCE;
				MTL_FAST_MATH = YES;
				ONLY_ACTIVE_ARCH = YES;
				SDKROOT = iphoneos;
				SWIFT_ACTIVE_COMPILATION_CONDITIONS = "DEBUG $(inherited)";
				SWIFT_OPTIMIZATION_LEVEL = "-Onone";
			};
			name = Debug;
		};
		55A2EBFF2B1AC11A0044AC6D /* Release */ = {
			isa = XCBuildConfiguration;
			buildSettings = {
				ALWAYS_SEARCH_USER_PATHS = NO;
				ASSETCATALOG_COMPILER_GENERATE_SWIFT_ASSET_SYMBOL_EXTENSIONS = YES;
				CLANG_ANALYZER_NONNULL = YES;
				CLANG_ANALYZER_NUMBER_OBJECT_CONVERSION = YES_AGGRESSIVE;
				CLANG_CXX_LANGUAGE_STANDARD = "gnu++20";
				CLANG_ENABLE_MODULES = YES;
				CLANG_ENABLE_OBJC_ARC = YES;
				CLANG_ENABLE_OBJC_WEAK = YES;
				CLANG_WARN_BLOCK_CAPTURE_AUTORELEASING = YES;
				CLANG_WARN_BOOL_CONVERSION = YES;
				CLANG_WARN_COMMA = YES;
				CLANG_WARN_CONSTANT_CONVERSION = YES;
				CLANG_WARN_DEPRECATED_OBJC_IMPLEMENTATIONS = YES;
				CLANG_WARN_DIRECT_OBJC_ISA_USAGE = YES_ERROR;
				CLANG_WARN_DOCUMENTATION_COMMENTS = YES;
				CLANG_WARN_EMPTY_BODY = YES;
				CLANG_WARN_ENUM_CONVERSION = YES;
				CLANG_WARN_INFINITE_RECURSION = YES;
				CLANG_WARN_INT_CONVERSION = YES;
				CLANG_WARN_NON_LITERAL_NULL_CONVERSION = YES;
				CLANG_WARN_OBJC_IMPLICIT_RETAIN_SELF = YES;
				CLANG_WARN_OBJC_LITERAL_CONVERSION = YES;
				CLANG_WARN_OBJC_ROOT_CLASS = YES_ERROR;
				CLANG_WARN_QUOTED_INCLUDE_IN_FRAMEWORK_HEADER = YES;
				CLANG_WARN_RANGE_LOOP_ANALYSIS = YES;
				CLANG_WARN_STRICT_PROTOTYPES = YES;
				CLANG_WARN_SUSPICIOUS_MOVE = YES;
				CLANG_WARN_UNGUARDED_AVAILABILITY = YES_AGGRESSIVE;
				CLANG_WARN_UNREACHABLE_CODE = YES;
				CLANG_WARN__DUPLICATE_METHOD_MATCH = YES;
				COPY_PHASE_STRIP = NO;
				DEBUG_INFORMATION_FORMAT = "dwarf-with-dsym";
				ENABLE_NS_ASSERTIONS = NO;
				ENABLE_STRICT_OBJC_MSGSEND = YES;
				ENABLE_USER_SCRIPT_SANDBOXING = YES;
				GCC_C_LANGUAGE_STANDARD = gnu17;
				GCC_NO_COMMON_BLOCKS = YES;
				GCC_WARN_64_TO_32_BIT_CONVERSION = YES;
				GCC_WARN_ABOUT_RETURN_TYPE = YES_ERROR;
				GCC_WARN_UNDECLARED_SELECTOR = YES;
				GCC_WARN_UNINITIALIZED_AUTOS = YES_AGGRESSIVE;
				GCC_WARN_UNUSED_FUNCTION = YES;
				GCC_WARN_UNUSED_VARIABLE = YES;
				IPHONEOS_DEPLOYMENT_TARGET = 17.0;
				LOCALIZATION_PREFERS_STRING_CATALOGS = YES;
				MTL_ENABLE_DEBUG_INFO = NO;
				MTL_FAST_MATH = YES;
				SDKROOT = iphoneos;
				SWIFT_COMPILATION_MODE = wholemodule;
				VALIDATE_PRODUCT = YES;
			};
			name = Release;
		};
		55A2EC012B1AC11A0044AC6D /* Debug */ = {
			isa = XCBuildConfiguration;
			buildSettings = {
				ASSETCATALOG_COMPILER_APPICON_NAME = AppIcon;
				ASSETCATALOG_COMPILER_GLOBAL_ACCENT_COLOR_NAME = AccentColor;
				CODE_SIGN_STYLE = Automatic;
				CURRENT_PROJECT_VERSION = 1;
				GENERATE_INFOPLIST_FILE = YES;
				INFOPLIST_FILE = RickAndMorty/Info.plist;
				INFOPLIST_KEY_UIApplicationSupportsIndirectInputEvents = YES;
				INFOPLIST_KEY_UILaunchStoryboardName = LaunchScreen;
				INFOPLIST_KEY_UIMainStoryboardFile = Main;
				INFOPLIST_KEY_UISupportedInterfaceOrientations_iPad = "UIInterfaceOrientationPortrait UIInterfaceOrientationPortraitUpsideDown UIInterfaceOrientationLandscapeLeft UIInterfaceOrientationLandscapeRight";
				INFOPLIST_KEY_UISupportedInterfaceOrientations_iPhone = "UIInterfaceOrientationPortrait UIInterfaceOrientationLandscapeLeft UIInterfaceOrientationLandscapeRight";
				LD_RUNPATH_SEARCH_PATHS = (
					"$(inherited)",
					"@executable_path/Frameworks",
				);
				MARKETING_VERSION = 1.0;
				PRODUCT_BUNDLE_IDENTIFIER = myOrg.RickAndMorty;
				PRODUCT_NAME = "$(TARGET_NAME)";
				SWIFT_EMIT_LOC_STRINGS = YES;
				SWIFT_OPTIMIZATION_LEVEL = "-Onone";
				SWIFT_VERSION = 5.0;
				TARGETED_DEVICE_FAMILY = "1,2";
			};
			name = Debug;
		};
		55A2EC022B1AC11A0044AC6D /* Release */ = {
			isa = XCBuildConfiguration;
			buildSettings = {
				ASSETCATALOG_COMPILER_APPICON_NAME = AppIcon;
				ASSETCATALOG_COMPILER_GLOBAL_ACCENT_COLOR_NAME = AccentColor;
				CODE_SIGN_STYLE = Automatic;
				CURRENT_PROJECT_VERSION = 1;
				GENERATE_INFOPLIST_FILE = YES;
				INFOPLIST_FILE = RickAndMorty/Info.plist;
				INFOPLIST_KEY_UIApplicationSupportsIndirectInputEvents = YES;
				INFOPLIST_KEY_UILaunchStoryboardName = LaunchScreen;
				INFOPLIST_KEY_UIMainStoryboardFile = Main;
				INFOPLIST_KEY_UISupportedInterfaceOrientations_iPad = "UIInterfaceOrientationPortrait UIInterfaceOrientationPortraitUpsideDown UIInterfaceOrientationLandscapeLeft UIInterfaceOrientationLandscapeRight";
				INFOPLIST_KEY_UISupportedInterfaceOrientations_iPhone = "UIInterfaceOrientationPortrait UIInterfaceOrientationLandscapeLeft UIInterfaceOrientationLandscapeRight";
				LD_RUNPATH_SEARCH_PATHS = (
					"$(inherited)",
					"@executable_path/Frameworks",
				);
				MARKETING_VERSION = 1.0;
				PRODUCT_BUNDLE_IDENTIFIER = myOrg.RickAndMorty;
				PRODUCT_NAME = "$(TARGET_NAME)";
				SWIFT_EMIT_LOC_STRINGS = YES;
				SWIFT_OPTIMIZATION_LEVEL = "-O";
				SWIFT_VERSION = 5.0;
				TARGETED_DEVICE_FAMILY = "1,2";
			};
			name = Release;
		};
		55A2EC042B1AC11A0044AC6D /* Debug */ = {
			isa = XCBuildConfiguration;
			buildSettings = {
				ALWAYS_EMBED_SWIFT_STANDARD_LIBRARIES = YES;
				BUNDLE_LOADER = "$(TEST_HOST)";
				CODE_SIGN_STYLE = Automatic;
				CURRENT_PROJECT_VERSION = 1;
				GENERATE_INFOPLIST_FILE = YES;
				IPHONEOS_DEPLOYMENT_TARGET = 17.0;
				MARKETING_VERSION = 1.0;
				PRODUCT_BUNDLE_IDENTIFIER = myOrg.RickAndMortyTests;
				PRODUCT_NAME = "$(TARGET_NAME)";
				SWIFT_EMIT_LOC_STRINGS = NO;
				SWIFT_VERSION = 5.0;
				TARGETED_DEVICE_FAMILY = "1,2";
				TEST_HOST = "$(BUILT_PRODUCTS_DIR)/RickAndMorty.app/$(BUNDLE_EXECUTABLE_FOLDER_PATH)/RickAndMorty";
			};
			name = Debug;
		};
		55A2EC052B1AC11A0044AC6D /* Release */ = {
			isa = XCBuildConfiguration;
			buildSettings = {
				ALWAYS_EMBED_SWIFT_STANDARD_LIBRARIES = YES;
				BUNDLE_LOADER = "$(TEST_HOST)";
				CODE_SIGN_STYLE = Automatic;
				CURRENT_PROJECT_VERSION = 1;
				GENERATE_INFOPLIST_FILE = YES;
				IPHONEOS_DEPLOYMENT_TARGET = 17.0;
				MARKETING_VERSION = 1.0;
				PRODUCT_BUNDLE_IDENTIFIER = myOrg.RickAndMortyTests;
				PRODUCT_NAME = "$(TARGET_NAME)";
				SWIFT_EMIT_LOC_STRINGS = NO;
				SWIFT_VERSION = 5.0;
				TARGETED_DEVICE_FAMILY = "1,2";
				TEST_HOST = "$(BUILT_PRODUCTS_DIR)/RickAndMorty.app/$(BUNDLE_EXECUTABLE_FOLDER_PATH)/RickAndMorty";
			};
			name = Release;
		};
		55A2EC072B1AC11A0044AC6D /* Debug */ = {
			isa = XCBuildConfiguration;
			buildSettings = {
				ALWAYS_EMBED_SWIFT_STANDARD_LIBRARIES = YES;
				CODE_SIGN_STYLE = Automatic;
				CURRENT_PROJECT_VERSION = 1;
				GENERATE_INFOPLIST_FILE = YES;
				MARKETING_VERSION = 1.0;
				PRODUCT_BUNDLE_IDENTIFIER = myOrg.RickAndMortyUITests;
				PRODUCT_NAME = "$(TARGET_NAME)";
				SWIFT_EMIT_LOC_STRINGS = NO;
				SWIFT_VERSION = 5.0;
				TARGETED_DEVICE_FAMILY = "1,2";
				TEST_TARGET_NAME = RickAndMorty;
			};
			name = Debug;
		};
		55A2EC082B1AC11A0044AC6D /* Release */ = {
			isa = XCBuildConfiguration;
			buildSettings = {
				ALWAYS_EMBED_SWIFT_STANDARD_LIBRARIES = YES;
				CODE_SIGN_STYLE = Automatic;
				CURRENT_PROJECT_VERSION = 1;
				GENERATE_INFOPLIST_FILE = YES;
				MARKETING_VERSION = 1.0;
				PRODUCT_BUNDLE_IDENTIFIER = myOrg.RickAndMortyUITests;
				PRODUCT_NAME = "$(TARGET_NAME)";
				SWIFT_EMIT_LOC_STRINGS = NO;
				SWIFT_VERSION = 5.0;
				TARGETED_DEVICE_FAMILY = "1,2";
				TEST_TARGET_NAME = RickAndMorty;
			};
			name = Release;
		};
/* End XCBuildConfiguration section */

/* Begin XCConfigurationList section */
		55A2EBD12B1AC1180044AC6D /* Build configuration list for PBXProject "RickAndMorty" */ = {
			isa = XCConfigurationList;
			buildConfigurations = (
				55A2EBFE2B1AC11A0044AC6D /* Debug */,
				55A2EBFF2B1AC11A0044AC6D /* Release */,
			);
			defaultConfigurationIsVisible = 0;
			defaultConfigurationName = Release;
		};
		55A2EC002B1AC11A0044AC6D /* Build configuration list for PBXNativeTarget "RickAndMorty" */ = {
			isa = XCConfigurationList;
			buildConfigurations = (
				55A2EC012B1AC11A0044AC6D /* Debug */,
				55A2EC022B1AC11A0044AC6D /* Release */,
			);
			defaultConfigurationIsVisible = 0;
			defaultConfigurationName = Release;
		};
		55A2EC032B1AC11A0044AC6D /* Build configuration list for PBXNativeTarget "RickAndMortyTests" */ = {
			isa = XCConfigurationList;
			buildConfigurations = (
				55A2EC042B1AC11A0044AC6D /* Debug */,
				55A2EC052B1AC11A0044AC6D /* Release */,
			);
			defaultConfigurationIsVisible = 0;
			defaultConfigurationName = Release;
		};
		55A2EC062B1AC11A0044AC6D /* Build configuration list for PBXNativeTarget "RickAndMortyUITests" */ = {
			isa = XCConfigurationList;
			buildConfigurations = (
				55A2EC072B1AC11A0044AC6D /* Debug */,
				55A2EC082B1AC11A0044AC6D /* Release */,
			);
			defaultConfigurationIsVisible = 0;
			defaultConfigurationName = Release;
		};
/* End XCConfigurationList section */
	};
	rootObject = 55A2EBCE2B1AC1180044AC6D /* Project object */;
}
